{
  "name": "dino-tsx",
  "lockfileVersion": 3,
  "requires": true,
  "packages": {
    "": {
      "name": "dino-tsx",
      "dependencies": {
        "texsaur": "^0.6.1"
      }
    },
    "node_modules/texsaur": {
      "version": "0.6.1",
      "resolved": "https://registry.npmjs.org/texsaur/-/texsaur-0.6.1.tgz",
      "integrity": "sha512-cI6OJe2l7Jlhi+wYWcpQ+/dwb4mejBM3xWrK8nFzxnTj/G7PbB9Go0nRr16fQsCILG96L6PLxjhDIuDuiT3J7Q==",
      "dependencies": {
        "typescript": "^4.3.5"
      }
    },
    "node_modules/typescript": {
      "version": "4.9.4",
      "resolved": "https://registry.npmjs.org/typescript/-/typescript-4.9.4.tgz",
      "integrity": "sha512-Uz+dTXYzxXXbsFpM86Wh3dKCxrQqUcVMxwU54orwlJjOpO3ao8L7j5lH+dWfTwgCwIuM9GQ2kvVotzYJMXTBZg==",
      "bin": {
        "tsc": "bin/tsc",
        "tsserver": "bin/tsserver"
      },
      "engines": {
        "node": ">=4.2.0"
      }
    }
  }
}